
Microsoft Visual Studio Solution File, Format Version 12.00
# Visual Studio Version 16
VisualStudioVersion = 16.0.33328.57
MinimumVisualStudioVersion = 10.0.40219.1
Project("{FAE04EC0-301F-11D3-BF4B-00C04F79EFBC}") = "Test", "Test\Test.csproj", "{E21D710A-5F86-4546-B430-2EBCF01B80C6}"
EndProject
Global
	GlobalSection(SolutionConfigurationPlatforms) = preSolution
		Debug|Any CPU = Debug|Any CPU
		Release|Any CPU = Release|Any CPU
	EndGlobalSection
	GlobalSection(ProjectConfigurationPlatforms) = postSolution
		{E21D710A-5F86-4546-B430-2EBCF01B80C6}.Debug|Any CPU.ActiveCfg = Debug|Any CPU
		{E21D710A-5F86-4546-B430-2EBCF01B80C6}.Debug|Any CPU.Build.0 = Debug|Any CPU
		{E21D710A-5F86-4546-B430-2EBCF01B80C6}.Release|Any CPU.ActiveCfg = Release|Any CPU
		{E21D710A-5F86-4546-B430-2EBCF01B80C6}.Release|Any CPU.Build.0 = Release|Any CPU
	EndGlobalSection
	GlobalSection(SolutionProperties) = preSolution
		HideSolutionNode = FALSE
	EndGlobalSection
	GlobalSection(ExtensibilityGlobals) = postSolution
		SolutionGuid = {260DD18B-F979-4951-A449-6C7FF539B036}
	EndGlobalSection
EndGlobal
