
Microsoft Visual Studio Solution File, Format Version 12.00
# Visual Studio Version 16
VisualStudioVersion = 16.0.33328.57
MinimumVisualStudioVersion = 10.0.40219.1
Project("{FAE04EC0-301F-11D3-BF4B-00C04F79EFBC}") = "DemoProjectOne", "DemoProjectOne\DemoProjectOne.csproj", "{184E3D46-B368-4221-A590-FB84751E9032}"
EndProject
Global
	GlobalSection(SolutionConfigurationPlatforms) = preSolution
		Debug|Any CPU = Debug|Any CPU
		Release|Any CPU = Release|Any CPU
	EndGlobalSection
	GlobalSection(ProjectConfigurationPlatforms) = postSolution
		{184E3D46-B368-4221-A590-FB84751E9032}.Debug|Any CPU.ActiveCfg = Debug|Any CPU
		{184E3D46-B368-4221-A590-FB84751E9032}.Debug|Any CPU.Build.0 = Debug|Any CPU
		{184E3D46-B368-4221-A590-FB84751E9032}.Release|Any CPU.ActiveCfg = Release|Any CPU
		{184E3D46-B368-4221-A590-FB84751E9032}.Release|Any CPU.Build.0 = Release|Any CPU
	EndGlobalSection
	GlobalSection(SolutionProperties) = preSolution
		HideSolutionNode = FALSE
	EndGlobalSection
	GlobalSection(ExtensibilityGlobals) = postSolution
		SolutionGuid = {EA1DCD42-2761-470C-8484-523093634904}
	EndGlobalSection
EndGlobal
