
Microsoft Visual Studio Solution File, Format Version 12.00
# Visual Studio Version 16
VisualStudioVersion = 16.0.33529.622
MinimumVisualStudioVersion = 10.0.40219.1
Project("{FAE04EC0-301F-11D3-BF4B-00C04F79EFBC}") = "DesignWitrhClasses", "DesignWitrhClasses\DesignWitrhClasses.csproj", "{10490329-C77F-4D16-860B-DC90EF26315B}"
EndProject
Global
	GlobalSection(SolutionConfigurationPlatforms) = preSolution
		Debug|Any CPU = Debug|Any CPU
		Release|Any CPU = Release|Any CPU
	EndGlobalSection
	GlobalSection(ProjectConfigurationPlatforms) = postSolution
		{10490329-C77F-4D16-860B-DC90EF26315B}.Debug|Any CPU.ActiveCfg = Debug|Any CPU
		{10490329-C77F-4D16-860B-DC90EF26315B}.Debug|Any CPU.Build.0 = Debug|Any CPU
		{10490329-C77F-4D16-860B-DC90EF26315B}.Release|Any CPU.ActiveCfg = Release|Any CPU
		{10490329-C77F-4D16-860B-DC90EF26315B}.Release|Any CPU.Build.0 = Release|Any CPU
	EndGlobalSection
	GlobalSection(SolutionProperties) = preSolution
		HideSolutionNode = FALSE
	EndGlobalSection
	GlobalSection(ExtensibilityGlobals) = postSolution
		SolutionGuid = {FE408794-D11C-4B11-9F93-D59A0D3BCDB6}
	EndGlobalSection
EndGlobal
