
Microsoft Visual Studio Solution File, Format Version 12.00
# Visual Studio Version 16
VisualStudioVersion = 16.0.33328.57
MinimumVisualStudioVersion = 10.0.40219.1
Project("{FAE04EC0-301F-11D3-BF4B-00C04F79EFBC}") = "BasicsOne", "BasicsOne\BasicsOne.csproj", "{2C010DFB-08BF-40BA-A44F-49874D3CAE45}"
EndProject
Global
	GlobalSection(SolutionConfigurationPlatforms) = preSolution
		Debug|Any CPU = Debug|Any CPU
		Release|Any CPU = Release|Any CPU
	EndGlobalSection
	GlobalSection(ProjectConfigurationPlatforms) = postSolution
		{2C010DFB-08BF-40BA-A44F-49874D3CAE45}.Debug|Any CPU.ActiveCfg = Debug|Any CPU
		{2C010DFB-08BF-40BA-A44F-49874D3CAE45}.Debug|Any CPU.Build.0 = Debug|Any CPU
		{2C010DFB-08BF-40BA-A44F-49874D3CAE45}.Release|Any CPU.ActiveCfg = Release|Any CPU
		{2C010DFB-08BF-40BA-A44F-49874D3CAE45}.Release|Any CPU.Build.0 = Release|Any CPU
	EndGlobalSection
	GlobalSection(SolutionProperties) = preSolution
		HideSolutionNode = FALSE
	EndGlobalSection
	GlobalSection(ExtensibilityGlobals) = postSolution
		SolutionGuid = {E7C5D87D-E08F-4E2D-9688-F172AEF3604B}
	EndGlobalSection
EndGlobal
