
Microsoft Visual Studio Solution File, Format Version 12.00
# Visual Studio Version 17
VisualStudioVersion = 17.5.33627.172
MinimumVisualStudioVersion = 10.0.40219.1
Project("{FAE04EC0-301F-11D3-BF4B-00C04F79EFBC}") = "part3 test", "part3 test\part3 test.csproj", "{E276E5C2-0E32-4EA2-8013-BD05EB983F29}"
EndProject
Global
	GlobalSection(SolutionConfigurationPlatforms) = preSolution
		Debug|Any CPU = Debug|Any CPU
		Release|Any CPU = Release|Any CPU
	EndGlobalSection
	GlobalSection(ProjectConfigurationPlatforms) = postSolution
		{E276E5C2-0E32-4EA2-8013-BD05EB983F29}.Debug|Any CPU.ActiveCfg = Debug|Any CPU
		{E276E5C2-0E32-4EA2-8013-BD05EB983F29}.Debug|Any CPU.Build.0 = Debug|Any CPU
		{E276E5C2-0E32-4EA2-8013-BD05EB983F29}.Release|Any CPU.ActiveCfg = Release|Any CPU
		{E276E5C2-0E32-4EA2-8013-BD05EB983F29}.Release|Any CPU.Build.0 = Release|Any CPU
	EndGlobalSection
	GlobalSection(SolutionProperties) = preSolution
		HideSolutionNode = FALSE
	EndGlobalSection
	GlobalSection(ExtensibilityGlobals) = postSolution
		SolutionGuid = {B74BA43A-5F22-46B6-97C9-27BD50530A6A}
	EndGlobalSection
EndGlobal
