
Microsoft Visual Studio Solution File, Format Version 12.00
# Visual Studio Version 16
VisualStudioVersion = 16.0.33801.447
MinimumVisualStudioVersion = 10.0.40219.1
Project("{FAE04EC0-301F-11D3-BF4B-00C04F79EFBC}") = "TheRideYouRentFinalTest", "TheRideYouRentFinalTest\TheRideYouRentFinalTest.csproj", "{7F3A3D1C-B79B-4171-A20A-4185CF177428}"
EndProject
Global
	GlobalSection(SolutionConfigurationPlatforms) = preSolution
		Debug|Any CPU = Debug|Any CPU
		Release|Any CPU = Release|Any CPU
	EndGlobalSection
	GlobalSection(ProjectConfigurationPlatforms) = postSolution
		{7F3A3D1C-B79B-4171-A20A-4185CF177428}.Debug|Any CPU.ActiveCfg = Debug|Any CPU
		{7F3A3D1C-B79B-4171-A20A-4185CF177428}.Debug|Any CPU.Build.0 = Debug|Any CPU
		{7F3A3D1C-B79B-4171-A20A-4185CF177428}.Release|Any CPU.ActiveCfg = Release|Any CPU
		{7F3A3D1C-B79B-4171-A20A-4185CF177428}.Release|Any CPU.Build.0 = Release|Any CPU
	EndGlobalSection
	GlobalSection(SolutionProperties) = preSolution
		HideSolutionNode = FALSE
	EndGlobalSection
	GlobalSection(ExtensibilityGlobals) = postSolution
		SolutionGuid = {17677756-2102-4749-8588-BE8BB5E73820}
	EndGlobalSection
EndGlobal
