
Microsoft Visual Studio Solution File, Format Version 12.00
# Visual Studio Version 16
VisualStudioVersion = 16.0.33423.256
MinimumVisualStudioVersion = 10.0.40219.1
Project("{FAE04EC0-301F-11D3-BF4B-00C04F79EFBC}") = "FilesMainTwo", "FilesMainTwo\FilesMainTwo.csproj", "{473A66AE-65C9-46B1-BAAE-1555E719C332}"
EndProject
Global
	GlobalSection(SolutionConfigurationPlatforms) = preSolution
		Debug|Any CPU = Debug|Any CPU
		Release|Any CPU = Release|Any CPU
	EndGlobalSection
	GlobalSection(ProjectConfigurationPlatforms) = postSolution
		{473A66AE-65C9-46B1-BAAE-1555E719C332}.Debug|Any CPU.ActiveCfg = Debug|Any CPU
		{473A66AE-65C9-46B1-BAAE-1555E719C332}.Debug|Any CPU.Build.0 = Debug|Any CPU
		{473A66AE-65C9-46B1-BAAE-1555E719C332}.Release|Any CPU.ActiveCfg = Release|Any CPU
		{473A66AE-65C9-46B1-BAAE-1555E719C332}.Release|Any CPU.Build.0 = Release|Any CPU
	EndGlobalSection
	GlobalSection(SolutionProperties) = preSolution
		HideSolutionNode = FALSE
	EndGlobalSection
	GlobalSection(ExtensibilityGlobals) = postSolution
		SolutionGuid = {58A8EF8E-3A3A-4EC9-A0A7-54937BAC5C48}
	EndGlobalSection
EndGlobal
