
Microsoft Visual Studio Solution File, Format Version 12.00
# Visual Studio Version 16
VisualStudioVersion = 16.0.33328.57
MinimumVisualStudioVersion = 10.0.40219.1
Project("{FAE04EC0-301F-11D3-BF4B-00C04F79EFBC}") = "AdvancedListTask", "AdvancedListTask\AdvancedListTask.csproj", "{81E9E9BE-6DCD-458C-8808-C8A63BB6C521}"
EndProject
Global
	GlobalSection(SolutionConfigurationPlatforms) = preSolution
		Debug|Any CPU = Debug|Any CPU
		Release|Any CPU = Release|Any CPU
	EndGlobalSection
	GlobalSection(ProjectConfigurationPlatforms) = postSolution
		{81E9E9BE-6DCD-458C-8808-C8A63BB6C521}.Debug|Any CPU.ActiveCfg = Debug|Any CPU
		{81E9E9BE-6DCD-458C-8808-C8A63BB6C521}.Debug|Any CPU.Build.0 = Debug|Any CPU
		{81E9E9BE-6DCD-458C-8808-C8A63BB6C521}.Release|Any CPU.ActiveCfg = Release|Any CPU
		{81E9E9BE-6DCD-458C-8808-C8A63BB6C521}.Release|Any CPU.Build.0 = Release|Any CPU
	EndGlobalSection
	GlobalSection(SolutionProperties) = preSolution
		HideSolutionNode = FALSE
	EndGlobalSection
	GlobalSection(ExtensibilityGlobals) = postSolution
		SolutionGuid = {C13DCC02-8A08-4122-99F1-92148A09229B}
	EndGlobalSection
EndGlobal
