
Microsoft Visual Studio Solution File, Format Version 12.00
# Visual Studio Version 17
VisualStudioVersion = 17.6.33815.320
MinimumVisualStudioVersion = 10.0.40219.1
Project("{FAE04EC0-301F-11D3-BF4B-00C04F79EFBC}") = "POETheRideYouRent", "POETheRideYouRent\POETheRideYouRent.csproj", "{49913C46-2331-47B9-BD47-9D5F950C8D11}"
EndProject
Global
	GlobalSection(SolutionConfigurationPlatforms) = preSolution
		Debug|Any CPU = Debug|Any CPU
		Release|Any CPU = Release|Any CPU
	EndGlobalSection
	GlobalSection(ProjectConfigurationPlatforms) = postSolution
		{49913C46-2331-47B9-BD47-9D5F950C8D11}.Debug|Any CPU.ActiveCfg = Debug|Any CPU
		{49913C46-2331-47B9-BD47-9D5F950C8D11}.Debug|Any CPU.Build.0 = Debug|Any CPU
		{49913C46-2331-47B9-BD47-9D5F950C8D11}.Release|Any CPU.ActiveCfg = Release|Any CPU
		{49913C46-2331-47B9-BD47-9D5F950C8D11}.Release|Any CPU.Build.0 = Release|Any CPU
	EndGlobalSection
	GlobalSection(SolutionProperties) = preSolution
		HideSolutionNode = FALSE
	EndGlobalSection
	GlobalSection(ExtensibilityGlobals) = postSolution
		SolutionGuid = {A8EA7553-7777-4734-841D-BB6CC7F2743C}
	EndGlobalSection
EndGlobal
