
Microsoft Visual Studio Solution File, Format Version 12.00
# Visual Studio Version 16
VisualStudioVersion = 16.0.33328.57
MinimumVisualStudioVersion = 10.0.40219.1
Project("{FAE04EC0-301F-11D3-BF4B-00C04F79EFBC}") = "BasicFormsApp", "BasicFormsApp\BasicFormsApp.csproj", "{60A91888-6D50-4D01-B92A-FC1E4B39AE4C}"
EndProject
Global
	GlobalSection(SolutionConfigurationPlatforms) = preSolution
		Debug|Any CPU = Debug|Any CPU
		Release|Any CPU = Release|Any CPU
	EndGlobalSection
	GlobalSection(ProjectConfigurationPlatforms) = postSolution
		{60A91888-6D50-4D01-B92A-FC1E4B39AE4C}.Debug|Any CPU.ActiveCfg = Debug|Any CPU
		{60A91888-6D50-4D01-B92A-FC1E4B39AE4C}.Debug|Any CPU.Build.0 = Debug|Any CPU
		{60A91888-6D50-4D01-B92A-FC1E4B39AE4C}.Release|Any CPU.ActiveCfg = Release|Any CPU
		{60A91888-6D50-4D01-B92A-FC1E4B39AE4C}.Release|Any CPU.Build.0 = Release|Any CPU
	EndGlobalSection
	GlobalSection(SolutionProperties) = preSolution
		HideSolutionNode = FALSE
	EndGlobalSection
	GlobalSection(ExtensibilityGlobals) = postSolution
		SolutionGuid = {6DEE0252-CC8E-4BA4-9B74-4B176B9BDE9E}
	EndGlobalSection
EndGlobal
